
Microsoft Visual Studio Solution File, Format Version 12.00
# Visual Studio 2013
VisualStudioVersion = 12.0.31101.0
MinimumVisualStudioVersion = 10.0.40219.1
Project("{FAE04EC0-301F-11D3-BF4B-00C04F79EFBC}") = "LyricController", "LyricController\LyricController.csproj", "{C4719C92-9BA0-4CF7-A88B-B01FD879EC49}"
EndProject
Project("{2150E333-8FDC-42A3-9474-1A3956D46DE8}") = "Solution Items", "Solution Items", "{8D9F1985-D01C-4EAC-8FB9-10992352BE0D}"
	ProjectSection(SolutionItems) = preProject
		LICENSE = LICENSE
		README.md = README.md
	EndProjectSection
EndProject
Global
	GlobalSection(SolutionConfigurationPlatforms) = preSolution
		Debug|Any CPU = Debug|Any CPU
		Release|Any CPU = Release|Any CPU
	EndGlobalSection
	GlobalSection(ProjectConfigurationPlatforms) = postSolution
		{C4719C92-9BA0-4CF7-A88B-B01FD879EC49}.Debug|Any CPU.ActiveCfg = Debug|Any CPU
		{C4719C92-9BA0-4CF7-A88B-B01FD879EC49}.Debug|Any CPU.Build.0 = Debug|Any CPU
		{C4719C92-9BA0-4CF7-A88B-B01FD879EC49}.Release|Any CPU.ActiveCfg = Release|Any CPU
		{C4719C92-9BA0-4CF7-A88B-B01FD879EC49}.Release|Any CPU.Build.0 = Release|Any CPU
	EndGlobalSection
	GlobalSection(SolutionProperties) = preSolution
		HideSolutionNode = FALSE
	EndGlobalSection
EndGlobal
